<Solution>
  <Folder Name="/Solution Items/">
    <File Path="../docs/ArchitectureSimplificationAnalysis.md" />
    <File Path="../docs/CommandRemoval-Simplification.md" />
    <File Path="../docs/DockerCliInteropIssue.md" />
    <File Path="../docs/DockerInstanceProvider.md" />
    <File Path="../docs/DRaaS-CoreLib-UnifiedArchitecture-Summary.md" />
    <File Path="../docs/ModelCategorization-Analysis.md" />
    <File Path="../docs/ProviderProjectOrganization.md" />
    <File Path="../docs/ProviderStateMachine.md" />
    <File Path="../docs/RESTORATION-SUMMARY.md" />
    <File Path="../docs/StateHistory-Stack-Optimization.md" />
    <File Path="DRaaS.CoreLib/Providers/AVAILABLE_PLATFORMS_API.md" />
    <File Path="DRaaS.CoreLib/Providers/PLATFORM_PROPERTIES.md" />
  </Folder>
  <Project Path="DRaaS.CoreLib/DRaaS.CoreLib.csproj" />
  <Project Path="DRaaS.WebApi/DRaaS.WebApi.csproj" Id="f590ee3e-56e3-4242-ba7c-7497719f4eba" />
</Solution>
